
Microsoft Visual Studio Solution File, Format Version 12.00
# Visual Studio Version 16
VisualStudioVersion = 16.0.30406.217
MinimumVisualStudioVersion = 10.0.40219.1
Project("{FAE04EC0-301F-11D3-BF4B-00C04F79EFBC}") = "GitPush", "GitPush\GitPush.csproj", "{4AACADD1-915F-4D24-BC27-A2E4F810A1D9}"
EndProject
Global
	GlobalSection(SolutionConfigurationPlatforms) = preSolution
		Debug|Any CPU = Debug|Any CPU
		Release|Any CPU = Release|Any CPU
	EndGlobalSection
	GlobalSection(ProjectConfigurationPlatforms) = postSolution
		{4AACADD1-915F-4D24-BC27-A2E4F810A1D9}.Debug|Any CPU.ActiveCfg = Debug|Any CPU
		{4AACADD1-915F-4D24-BC27-A2E4F810A1D9}.Debug|Any CPU.Build.0 = Debug|Any CPU
		{4AACADD1-915F-4D24-BC27-A2E4F810A1D9}.Release|Any CPU.ActiveCfg = Release|Any CPU
		{4AACADD1-915F-4D24-BC27-A2E4F810A1D9}.Release|Any CPU.Build.0 = Release|Any CPU
	EndGlobalSection
	GlobalSection(SolutionProperties) = preSolution
		HideSolutionNode = FALSE
	EndGlobalSection
	GlobalSection(ExtensibilityGlobals) = postSolution
		SolutionGuid = {63C55EDC-369C-4A0A-8714-CA00EAA20AD8}
	EndGlobalSection
EndGlobal
